
Microsoft Visual Studio Solution File, Format Version 11.00
# Visual Studio 2010
Project("{8BC9CEB8-8B4A-11D0-8D11-00A0C91BC942}") = "vaja5", "vaja5\vaja5.vcxproj", "{099DF6B0-7DB7-4EBD-A8C6-74D7876C7119}"
EndProject
Global
	GlobalSection(SolutionConfigurationPlatforms) = preSolution
		Debug|Win32 = Debug|Win32
		Release|Win32 = Release|Win32
	EndGlobalSection
	GlobalSection(ProjectConfigurationPlatforms) = postSolution
		{099DF6B0-7DB7-4EBD-A8C6-74D7876C7119}.Debug|Win32.ActiveCfg = Debug|Win32
		{099DF6B0-7DB7-4EBD-A8C6-74D7876C7119}.Debug|Win32.Build.0 = Debug|Win32
		{099DF6B0-7DB7-4EBD-A8C6-74D7876C7119}.Release|Win32.ActiveCfg = Release|Win32
		{099DF6B0-7DB7-4EBD-A8C6-74D7876C7119}.Release|Win32.Build.0 = Release|Win32
	EndGlobalSection
	GlobalSection(SolutionProperties) = preSolution
		HideSolutionNode = FALSE
	EndGlobalSection
EndGlobal
